
Microsoft Visual Studio Solution File, Format Version 12.00
# Visual Studio Version 17
VisualStudioVersion = 17.7.34031.279
MinimumVisualStudioVersion = 10.0.40219.1
Project("{FAE04EC0-301F-11D3-BF4B-00C04F79EFBC}") = "DatabaseConnectivity", "DatabaseConnectivity.csproj", "{A64FF9B3-D823-4B6E-9D85-4360F18530C1}"
EndProject
Global
	GlobalSection(SolutionConfigurationPlatforms) = preSolution
		Debug|Any CPU = Debug|Any CPU
		Release|Any CPU = Release|Any CPU
	EndGlobalSection
	GlobalSection(ProjectConfigurationPlatforms) = postSolution
		{A64FF9B3-D823-4B6E-9D85-4360F18530C1}.Debug|Any CPU.ActiveCfg = Debug|Any CPU
		{A64FF9B3-D823-4B6E-9D85-4360F18530C1}.Debug|Any CPU.Build.0 = Debug|Any CPU
		{A64FF9B3-D823-4B6E-9D85-4360F18530C1}.Release|Any CPU.ActiveCfg = Release|Any CPU
		{A64FF9B3-D823-4B6E-9D85-4360F18530C1}.Release|Any CPU.Build.0 = Release|Any CPU
	EndGlobalSection
	GlobalSection(SolutionProperties) = preSolution
		HideSolutionNode = FALSE
	EndGlobalSection
	GlobalSection(ExtensibilityGlobals) = postSolution
		SolutionGuid = {ED468D0A-357B-42AB-BE2F-2C60F7A41FE1}
	EndGlobalSection
EndGlobal
